// !$*UTF8*$!
{
	archiveVersion = 1;
	classes = {
	};
	objectVersion = 46;
	objects = {

/* Begin PBXBuildFile section */
		A91931511BE7ACDC009423E0 /* AppDelegate.swift in Sources */ = {isa = PBXBuildFile; fileRef = A91931501BE7ACDC009423E0 /* AppDelegate.swift */; };
		A91931531BE7ACDC009423E0 /* ViewController.swift in Sources */ = {isa = PBXBuildFile; fileRef = A91931521BE7ACDC009423E0 /* ViewController.swift */; };
		A91931561BE7ACDC009423E0 /* Main.storyboard in Resources */ = {isa = PBXBuildFile; fileRef = A91931541BE7ACDC009423E0 /* Main.storyboard */; };
		A91931581BE7ACDC009423E0 /* Assets.xcassets in Resources */ = {isa = PBXBuildFile; fileRef = A91931571BE7ACDC009423E0 /* Assets.xcassets */; };
		A919315B1BE7ACDC009423E0 /* LaunchScreen.storyboard in Resources */ = {isa = PBXBuildFile; fileRef = A91931591BE7ACDC009423E0 /* LaunchScreen.storyboard */; };
		A91931731BE7C2AB009423E0 /* Keyboard.storyboard in Resources */ = {isa = PBXBuildFile; fileRef = A91931721BE7C2AB009423E0 /* Keyboard.storyboard */; };
		E6F2C3921BE7AF59003A54DB /* KeyboardViewController.swift in Sources */ = {isa = PBXBuildFile; fileRef = E6F2C3911BE7AF59003A54DB /* KeyboardViewController.swift */; };
		E6F2C3961BE7AF59003A54DB /* PracticeKeyboard.appex in Embed App Extensions */ = {isa = PBXBuildFile; fileRef = E6F2C38F1BE7AF59003A54DB /* PracticeKeyboard.appex */; settings = {ATTRIBUTES = (RemoveHeadersOnCopy, ); }; };
/* End PBXBuildFile section */

/* Begin PBXContainerItemProxy section */
		E6F2C3941BE7AF59003A54DB /* PBXContainerItemProxy */ = {
			isa = PBXContainerItemProxy;
			containerPortal = A91931451BE7ACDC009423E0 /* Project object */;
			proxyType = 1;
			remoteGlobalIDString = E6F2C38E1BE7AF59003A54DB;
			remoteInfo = PracticeKeyboard;
		};
/* End PBXContainerItemProxy section */

/* Begin PBXCopyFilesBuildPhase section */
		E6F2C39A1BE7AF59003A54DB /* Embed App Extensions */ = {
			isa = PBXCopyFilesBuildPhase;
			buildActionMask = 2147483647;
			dstPath = "";
			dstSubfolderSpec = 13;
			files = (
				E6F2C3961BE7AF59003A54DB /* PracticeKeyboard.appex in Embed App Extensions */,
			);
			name = "Embed App Extensions";
			runOnlyForDeploymentPostprocessing = 0;
		};
/* End PBXCopyFilesBuildPhase section */

/* Begin PBXFileReference section */
		A919314D1BE7ACDC009423E0 /* TypingPractice.app */ = {isa = PBXFileReference; explicitFileType = wrapper.application; includeInIndex = 0; path = TypingPractice.app; sourceTree = BUILT_PRODUCTS_DIR; };
		A91931501BE7ACDC009423E0 /* AppDelegate.swift */ = {isa = PBXFileReference; lastKnownFileType = sourcecode.swift; path = AppDelegate.swift; sourceTree = "<group>"; };
		A91931521BE7ACDC009423E0 /* ViewController.swift */ = {isa = PBXFileReference; lastKnownFileType = sourcecode.swift; path = ViewController.swift; sourceTree = "<group>"; };
		A91931551BE7ACDC009423E0 /* Base */ = {isa = PBXFileReference; lastKnownFileType = file.storyboard; name = Base; path = Base.lproj/Main.storyboard; sourceTree = "<group>"; };
		A91931571BE7ACDC009423E0 /* Assets.xcassets */ = {isa = PBXFileReference; lastKnownFileType = folder.assetcatalog; path = Assets.xcassets; sourceTree = "<group>"; };
		A919315A1BE7ACDC009423E0 /* Base */ = {isa = PBXFileReference; lastKnownFileType = file.storyboard; name = Base; path = Base.lproj/LaunchScreen.storyboard; sourceTree = "<group>"; };
		A919315C1BE7ACDC009423E0 /* Info.plist */ = {isa = PBXFileReference; lastKnownFileType = text.plist.xml; path = Info.plist; sourceTree = "<group>"; };
		A91931721BE7C2AB009423E0 /* Keyboard.storyboard */ = {isa = PBXFileReference; fileEncoding = 4; lastKnownFileType = file.storyboard; path = Keyboard.storyboard; sourceTree = "<group>"; };
		E6F2C38F1BE7AF59003A54DB /* PracticeKeyboard.appex */ = {isa = PBXFileReference; explicitFileType = "wrapper.app-extension"; includeInIndex = 0; path = PracticeKeyboard.appex; sourceTree = BUILT_PRODUCTS_DIR; };
		E6F2C3911BE7AF59003A54DB /* KeyboardViewController.swift */ = {isa = PBXFileReference; lastKnownFileType = sourcecode.swift; path = KeyboardViewController.swift; sourceTree = "<group>"; };
		E6F2C3931BE7AF59003A54DB /* Info.plist */ = {isa = PBXFileReference; lastKnownFileType = text.plist.xml; path = Info.plist; sourceTree = "<group>"; };
/* End PBXFileReference section */

/* Begin PBXFrameworksBuildPhase section */
		A919314A1BE7ACDC009423E0 /* Frameworks */ = {
			isa = PBXFrameworksBuildPhase;
			buildActionMask = 2147483647;
			files = (
			);
			runOnlyForDeploymentPostprocessing = 0;
		};
		E6F2C38C1BE7AF59003A54DB /* Frameworks */ = {
			isa = PBXFrameworksBuildPhase;
			buildActionMask = 2147483647;
			files = (
			);
			runOnlyForDeploymentPostprocessing = 0;
		};
/* End PBXFrameworksBuildPhase section */

/* Begin PBXGroup section */
		A91931441BE7ACDC009423E0 = {
			isa = PBXGroup;
			children = (
				A919314F1BE7ACDC009423E0 /* TypingPractice */,
				E6F2C3901BE7AF59003A54DB /* PracticeKeyboard */,
				A919314E1BE7ACDC009423E0 /* Products */,
			);
			sourceTree = "<group>";
		};
		A919314E1BE7ACDC009423E0 /* Products */ = {
			isa = PBXGroup;
			children = (
				A919314D1BE7ACDC009423E0 /* TypingPractice.app */,
				E6F2C38F1BE7AF59003A54DB /* PracticeKeyboard.appex */,
			);
			name = Products;
			sourceTree = "<group>";
		};
		A919314F1BE7ACDC009423E0 /* TypingPractice */ = {
			isa = PBXGroup;
			children = (
				A91931501BE7ACDC009423E0 /* AppDelegate.swift */,
				A91931521BE7ACDC009423E0 /* ViewController.swift */,
				A91931541BE7ACDC009423E0 /* Main.storyboard */,
				A91931571BE7ACDC009423E0 /* Assets.xcassets */,
				A91931591BE7ACDC009423E0 /* LaunchScreen.storyboard */,
				A919315C1BE7ACDC009423E0 /* Info.plist */,
			);
			path = TypingPractice;
			sourceTree = "<group>";
		};
		E6F2C3901BE7AF59003A54DB /* PracticeKeyboard */ = {
			isa = PBXGroup;
			children = (
				E6F2C3911BE7AF59003A54DB /* KeyboardViewController.swift */,
				E6F2C3931BE7AF59003A54DB /* Info.plist */,
				A91931721BE7C2AB009423E0 /* Keyboard.storyboard */,
			);
			path = PracticeKeyboard;
			sourceTree = "<group>";
		};
/* End PBXGroup section */

/* Begin PBXNativeTarget section */
		A919314C1BE7ACDC009423E0 /* TypingPractice */ = {
			isa = PBXNativeTarget;
			buildConfigurationList = A919315F1BE7ACDC009423E0 /* Build configuration list for PBXNativeTarget "TypingPractice" */;
			buildPhases = (
				A91931491BE7ACDC009423E0 /* Sources */,
				A919314A1BE7ACDC009423E0 /* Frameworks */,
				A919314B1BE7ACDC009423E0 /* Resources */,
				E6F2C39A1BE7AF59003A54DB /* Embed App Extensions */,
			);
			buildRules = (
			);
			dependencies = (
				E6F2C3951BE7AF59003A54DB /* PBXTargetDependency */,
			);
			name = TypingPractice;
			productName = TypingPractice;
			productReference = A919314D1BE7ACDC009423E0 /* TypingPractice.app */;
			productType = "com.apple.product-type.application";
		};
		E6F2C38E1BE7AF59003A54DB /* PracticeKeyboard */ = {
			isa = PBXNativeTarget;
			buildConfigurationList = E6F2C3991BE7AF59003A54DB /* Build configuration list for PBXNativeTarget "PracticeKeyboard" */;
			buildPhases = (
				E6F2C38B1BE7AF59003A54DB /* Sources */,
				E6F2C38C1BE7AF59003A54DB /* Frameworks */,
				E6F2C38D1BE7AF59003A54DB /* Resources */,
			);
			buildRules = (
			);
			dependencies = (
			);
			name = PracticeKeyboard;
			productName = PracticeKeyboard;
			productReference = E6F2C38F1BE7AF59003A54DB /* PracticeKeyboard.appex */;
			productType = "com.apple.product-type.app-extension";
		};
/* End PBXNativeTarget section */

/* Begin PBXProject section */
		A91931451BE7ACDC009423E0 /* Project object */ = {
			isa = PBXProject;
			attributes = {
				LastSwiftUpdateCheck = 0720;
				LastUpgradeCheck = 0710;
				ORGANIZATIONNAME = "Jo Albright";
				TargetAttributes = {
					A919314C1BE7ACDC009423E0 = {
						CreatedOnToolsVersion = 7.1;
					};
					E6F2C38E1BE7AF59003A54DB = {
						CreatedOnToolsVersion = 7.2;
					};
				};
			};
			buildConfigurationList = A91931481BE7ACDC009423E0 /* Build configuration list for PBXProject "TypingPractice" */;
			compatibilityVersion = "Xcode 3.2";
			developmentRegion = English;
			hasScannedForEncodings = 0;
			knownRegions = (
				en,
				Base,
			);
			mainGroup = A91931441BE7ACDC009423E0;
			productRefGroup = A919314E1BE7ACDC009423E0 /* Products */;
			projectDirPath = "";
			projectRoot = "";
			targets = (
				A919314C1BE7ACDC009423E0 /* TypingPractice */,
				E6F2C38E1BE7AF59003A54DB /* PracticeKeyboard */,
			);
		};
/* End PBXProject section */

/* Begin PBXResourcesBuildPhase section */
		A919314B1BE7ACDC009423E0 /* Resources */ = {
			isa = PBXResourcesBuildPhase;
			buildActionMask = 2147483647;
			files = (
				A919315B1BE7ACDC009423E0 /* LaunchScreen.storyboard in Resources */,
				A91931581BE7ACDC009423E0 /* Assets.xcassets in Resources */,
				A91931561BE7ACDC009423E0 /* Main.storyboard in Resources */,
			);
			runOnlyForDeploymentPostprocessing = 0;
		};
		E6F2C38D1BE7AF59003A54DB /* Resources */ = {
			isa = PBXResourcesBuildPhase;
			buildActionMask = 2147483647;
			files = (
				A91931731BE7C2AB009423E0 /* Keyboard.storyboard in Resources */,
			);
			runOnlyForDeploymentPostprocessing = 0;
		};
/* End PBXResourcesBuildPhase section */

/* Begin PBXSourcesBuildPhase section */
		A91931491BE7ACDC009423E0 /* Sources */ = {
			isa = PBXSourcesBuildPhase;
			buildActionMask = 2147483647;
			files = (
				A91931531BE7ACDC009423E0 /* ViewController.swift in Sources */,
				A91931511BE7ACDC009423E0 /* AppDelegate.swift in Sources */,
			);
			runOnlyForDeploymentPostprocessing = 0;
		};
		E6F2C38B1BE7AF59003A54DB /* Sources */ = {
			isa = PBXSourcesBuildPhase;
			buildActionMask = 2147483647;
			files = (
				E6F2C3921BE7AF59003A54DB /* KeyboardViewController.swift in Sources */,
			);
			runOnlyForDeploymentPostprocessing = 0;
		};
/* End PBXSourcesBuildPhase section */

/* Begin PBXTargetDependency section */
		E6F2C3951BE7AF59003A54DB /* PBXTargetDependency */ = {
			isa = PBXTargetDependency;
			target = E6F2C38E1BE7AF59003A54DB /* PracticeKeyboard */;
			targetProxy = E6F2C3941BE7AF59003A54DB /* PBXContainerItemProxy */;
		};
/* End PBXTargetDependency section */

/* Begin PBXVariantGroup section */
		A91931541BE7ACDC009423E0 /* Main.storyboard */ = {
			isa = PBXVariantGroup;
			children = (
				A91931551BE7ACDC009423E0 /* Base */,
			);
			name = Main.storyboard;
			sourceTree = "<group>";
		};
		A91931591BE7ACDC009423E0 /* LaunchScreen.storyboard */ = {
			isa = PBXVariantGroup;
			children = (
				A919315A1BE7ACDC009423E0 /* Base */,
			);
			name = LaunchScreen.storyboard;
			sourceTree = "<group>";
		};
/* End PBXVariantGroup section */

/* Begin XCBuildConfiguration section */
		A919315D1BE7ACDC009423E0 /* Debug */ = {
			isa = XCBuildConfiguration;
			buildSettings = {
				ALWAYS_SEARCH_USER_PATHS = NO;
				CLANG_CXX_LANGUAGE_STANDARD = "gnu++0x";
				CLANG_CXX_LIBRARY = "libc++";
				CLANG_ENABLE_MODULES = YES;
				CLANG_ENABLE_OBJC_ARC = YES;
				CLANG_WARN_BOOL_CONVERSION = YES;
				CLANG_WARN_CONSTANT_CONVERSION = YES;
				CLANG_WARN_DIRECT_OBJC_ISA_USAGE = YES_ERROR;
				CLANG_WARN_EMPTY_BODY = YES;
				CLANG_WARN_ENUM_CONVERSION = YES;
				CLANG_WARN_INT_CONVERSION = YES;
				CLANG_WARN_OBJC_ROOT_CLASS = YES_ERROR;
				CLANG_WARN_UNREACHABLE_CODE = YES;
				CLANG_WARN__DUPLICATE_METHOD_MATCH = YES;
				"CODE_SIGN_IDENTITY[sdk=iphoneos*]" = "iPhone Developer";
				COPY_PHASE_STRIP = NO;
				DEBUG_INFORMATION_FORMAT = dwarf;
				ENABLE_STRICT_OBJC_MSGSEND = YES;
				ENABLE_TESTABILITY = YES;
				GCC_C_LANGUAGE_STANDARD = gnu99;
				GCC_DYNAMIC_NO_PIC = NO;
				GCC_NO_COMMON_BLOCKS = YES;
				GCC_OPTIMIZATION_LEVEL = 0;
				GCC_PREPROCESSOR_DEFINITIONS = (
					"DEBUG=1",
					"$(inherited)",
				);
				GCC_WARN_64_TO_32_BIT_CONVERSION = YES;
				GCC_WARN_ABOUT_RETURN_TYPE = YES_ERROR;
				GCC_WARN_UNDECLARED_SELECTOR = YES;
				GCC_WARN_UNINITIALIZED_AUTOS = YES_AGGRESSIVE;
				GCC_WARN_UNUSED_FUNCTION = YES;
				GCC_WARN_UNUSED_VARIABLE = YES;
				IPHONEOS_DEPLOYMENT_TARGET = 9.1;
				MTL_ENABLE_DEBUG_INFO = YES;
				ONLY_ACTIVE_ARCH = YES;
				SDKROOT = iphoneos;
				SWIFT_OPTIMIZATION_LEVEL = "-Onone";
			};
			name = Debug;
		};
		A919315E1BE7ACDC009423E0 /* Release */ = {
			isa = XCBuildConfiguration;
			buildSettings = {
				ALWAYS_SEARCH_USER_PATHS = NO;
				CLANG_CXX_LANGUAGE_STANDARD = "gnu++0x";
				CLANG_CXX_LIBRARY = "libc++";
				CLANG_ENABLE_MODULES = YES;
				CLANG_ENABLE_OBJC_ARC = YES;
				CLANG_WARN_BOOL_CONVERSION = YES;
				CLANG_WARN_CONSTANT_CONVERSION = YES;
				CLANG_WARN_DIRECT_OBJC_ISA_USAGE = YES_ERROR;
				CLANG_WARN_EMPTY_BODY = YES;
				CLANG_WARN_ENUM_CONVERSION = YES;
				CLANG_WARN_INT_CONVERSION = YES;
				CLANG_WARN_OBJC_ROOT_CLASS = YES_ERROR;
				CLANG_WARN_UNREACHABLE_CODE = YES;
				CLANG_WARN__DUPLICATE_METHOD_MATCH = YES;
				"CODE_SIGN_IDENTITY[sdk=iphoneos*]" = "iPhone Developer";
				COPY_PHASE_STRIP = NO;
				DEBUG_INFORMATION_FORMAT = "dwarf-with-dsym";
				ENABLE_NS_ASSERTIONS = NO;
				ENABLE_STRICT_OBJC_MSGSEND = YES;
				GCC_C_LANGUAGE_STANDARD = gnu99;
				GCC_NO_COMMON_BLOCKS = YES;
				GCC_WARN_64_TO_32_BIT_CONVERSION = YES;
				GCC_WARN_ABOUT_RETURN_TYPE = YES_ERROR;
				GCC_WARN_UNDECLARED_SELECTOR = YES;
				GCC_WARN_UNINITIALIZED_AUTOS = YES_AGGRESSIVE;
				GCC_WARN_UNUSED_FUNCTION = YES;
				GCC_WARN_UNUSED_VARIABLE = YES;
				IPHONEOS_DEPLOYMENT_TARGET = 9.1;
				MTL_ENABLE_DEBUG_INFO = NO;
				SDKROOT = iphoneos;
				VALIDATE_PRODUCT = YES;
			};
			name = Release;
		};
		A91931601BE7ACDC009423E0 /* Debug */ = {
			isa = XCBuildConfiguration;
			buildSettings = {
				ASSETCATALOG_COMPILER_APPICON_NAME = AppIcon;
				EMBEDDED_CONTENT_CONTAINS_SWIFT = YES;
				INFOPLIST_FILE = TypingPractice/Info.plist;
				LD_RUNPATH_SEARCH_PATHS = "$(inherited) @executable_path/Frameworks";
				PRODUCT_BUNDLE_IDENTIFIER = co.jo2.TypingPractice;
				PRODUCT_NAME = "$(TARGET_NAME)";
			};
			name = Debug;
		};
		A91931611BE7ACDC009423E0 /* Release */ = {
			isa = XCBuildConfiguration;
			buildSettings = {
				ASSETCATALOG_COMPILER_APPICON_NAME = AppIcon;
				EMBEDDED_CONTENT_CONTAINS_SWIFT = YES;
				INFOPLIST_FILE = TypingPractice/Info.plist;
				LD_RUNPATH_SEARCH_PATHS = "$(inherited) @executable_path/Frameworks";
				PRODUCT_BUNDLE_IDENTIFIER = co.jo2.TypingPractice;
				PRODUCT_NAME = "$(TARGET_NAME)";
			};
			name = Release;
		};
		E6F2C3971BE7AF59003A54DB /* Debug */ = {
			isa = XCBuildConfiguration;
			buildSettings = {
				INFOPLIST_FILE = PracticeKeyboard/Info.plist;
				IPHONEOS_DEPLOYMENT_TARGET = 9.1;
				LD_RUNPATH_SEARCH_PATHS = "$(inherited) @executable_path/Frameworks @executable_path/../../Frameworks";
				PRODUCT_BUNDLE_IDENTIFIER = co.jo2.TypingPractice.PracticeKeyboard;
				PRODUCT_NAME = "$(TARGET_NAME)";
				SKIP_INSTALL = YES;
			};
			name = Debug;
		};
		E6F2C3981BE7AF59003A54DB /* Release */ = {
			isa = XCBuildConfiguration;
			buildSettings = {
				INFOPLIST_FILE = PracticeKeyboard/Info.plist;
				IPHONEOS_DEPLOYMENT_TARGET = 9.1;
				LD_RUNPATH_SEARCH_PATHS = "$(inherited) @executable_path/Frameworks @executable_path/../../Frameworks";
				PRODUCT_BUNDLE_IDENTIFIER = co.jo2.TypingPractice.PracticeKeyboard;
				PRODUCT_NAME = "$(TARGET_NAME)";
				SKIP_INSTALL = YES;
			};
			name = Release;
		};
/* End XCBuildConfiguration section */

/* Begin XCConfigurationList section */
		A91931481BE7ACDC009423E0 /* Build configuration list for PBXProject "TypingPractice" */ = {
			isa = XCConfigurationList;
			buildConfigurations = (
				A919315D1BE7ACDC009423E0 /* Debug */,
				A919315E1BE7ACDC009423E0 /* Release */,
			);
			defaultConfigurationIsVisible = 0;
			defaultConfigurationName = Release;
		};
		A919315F1BE7ACDC009423E0 /* Build configuration list for PBXNativeTarget "TypingPractice" */ = {
			isa = XCConfigurationList;
			buildConfigurations = (
				A91931601BE7ACDC009423E0 /* Debug */,
				A91931611BE7ACDC009423E0 /* Release */,
			);
			defaultConfigurationIsVisible = 0;
			defaultConfigurationName = Release;
		};
		E6F2C3991BE7AF59003A54DB /* Build configuration list for PBXNativeTarget "PracticeKeyboard" */ = {
			isa = XCConfigurationList;
			buildConfigurations = (
				E6F2C3971BE7AF59003A54DB /* Debug */,
				E6F2C3981BE7AF59003A54DB /* Release */,
			);
			defaultConfigurationIsVisible = 0;
			defaultConfigurationName = Release;
		};
/* End XCConfigurationList section */
	};
	rootObject = A91931451BE7ACDC009423E0 /* Project object */;
}
